// !$*UTF8*$!
{
	archiveVersion = 1;
	classes = {
	};
	objectVersion = 50;
	objects = {

/* Begin PBXBuildFile section */
		BB25E3A32622F44000BC7B5E /* AppDelegate.swift in Sources */ = {isa = PBXBuildFile; fileRef = BB25E3A22622F44000BC7B5E /* AppDelegate.swift */; };
		BB25E3A52622F44000BC7B5E /* SceneDelegate.swift in Sources */ = {isa = PBXBuildFile; fileRef = BB25E3A42622F44000BC7B5E /* SceneDelegate.swift */; };
		BB25E3A72622F44000BC7B5E /* HeadLineVC.swift in Sources */ = {isa = PBXBuildFile; fileRef = BB25E3A62622F44000BC7B5E /* HeadLineVC.swift */; };
		BB25E3AA2622F44000BC7B5E /* Main.storyboard in Resources */ = {isa = PBXBuildFile; fileRef = BB25E3A82622F44000BC7B5E /* Main.storyboard */; };
		BB25E3AC2622F44200BC7B5E /* Assets.xcassets in Resources */ = {isa = PBXBuildFile; fileRef = BB25E3AB2622F44200BC7B5E /* Assets.xcassets */; };
		BB25E3AF2622F44200BC7B5E /* LaunchScreen.storyboard in Resources */ = {isa = PBXBuildFile; fileRef = BB25E3AD2622F44200BC7B5E /* LaunchScreen.storyboard */; };
		BB25E3B82622F4EA00BC7B5E /* CustomTVC.swift in Sources */ = {isa = PBXBuildFile; fileRef = BB25E3B72622F4EA00BC7B5E /* CustomTVC.swift */; };
		BB25E3BB2623046700BC7B5E /* DetailNewsVC.swift in Sources */ = {isa = PBXBuildFile; fileRef = BB25E3BA2623046700BC7B5E /* DetailNewsVC.swift */; };
/* End PBXBuildFile section */

/* Begin PBXFileReference section */
		BB25E39F2622F44000BC7B5E /* Api_Task.app */ = {isa = PBXFileReference; explicitFileType = wrapper.application; includeInIndex = 0; path = Api_Task.app; sourceTree = BUILT_PRODUCTS_DIR; };
		BB25E3A22622F44000BC7B5E /* AppDelegate.swift */ = {isa = PBXFileReference; lastKnownFileType = sourcecode.swift; path = AppDelegate.swift; sourceTree = "<group>"; };
		BB25E3A42622F44000BC7B5E /* SceneDelegate.swift */ = {isa = PBXFileReference; lastKnownFileType = sourcecode.swift; path = SceneDelegate.swift; sourceTree = "<group>"; };
		BB25E3A62622F44000BC7B5E /* HeadLineVC.swift */ = {isa = PBXFileReference; lastKnownFileType = sourcecode.swift; path = HeadLineVC.swift; sourceTree = "<group>"; };
		BB25E3A92622F44000BC7B5E /* Base */ = {isa = PBXFileReference; lastKnownFileType = file.storyboard; name = Base; path = Base.lproj/Main.storyboard; sourceTree = "<group>"; };
		BB25E3AB2622F44200BC7B5E /* Assets.xcassets */ = {isa = PBXFileReference; lastKnownFileType = folder.assetcatalog; path = Assets.xcassets; sourceTree = "<group>"; };
		BB25E3AE2622F44200BC7B5E /* Base */ = {isa = PBXFileReference; lastKnownFileType = file.storyboard; name = Base; path = Base.lproj/LaunchScreen.storyboard; sourceTree = "<group>"; };
		BB25E3B02622F44200BC7B5E /* Info.plist */ = {isa = PBXFileReference; lastKnownFileType = text.plist.xml; path = Info.plist; sourceTree = "<group>"; };
		BB25E3B72622F4EA00BC7B5E /* CustomTVC.swift */ = {isa = PBXFileReference; lastKnownFileType = sourcecode.swift; path = CustomTVC.swift; sourceTree = "<group>"; };
		BB25E3BA2623046700BC7B5E /* DetailNewsVC.swift */ = {isa = PBXFileReference; lastKnownFileType = sourcecode.swift; path = DetailNewsVC.swift; sourceTree = "<group>"; };
/* End PBXFileReference section */

/* Begin PBXFrameworksBuildPhase section */
		BB25E39C2622F44000BC7B5E /* Frameworks */ = {
			isa = PBXFrameworksBuildPhase;
			buildActionMask = 2147483647;
			files = (
			);
			runOnlyForDeploymentPostprocessing = 0;
		};
/* End PBXFrameworksBuildPhase section */

/* Begin PBXGroup section */
		BB25E3962622F44000BC7B5E = {
			isa = PBXGroup;
			children = (
				BB25E3A12622F44000BC7B5E /* Api_Task */,
				BB25E3A02622F44000BC7B5E /* Products */,
			);
			sourceTree = "<group>";
		};
		BB25E3A02622F44000BC7B5E /* Products */ = {
			isa = PBXGroup;
			children = (
				BB25E39F2622F44000BC7B5E /* Api_Task.app */,
			);
			name = Products;
			sourceTree = "<group>";
		};
		BB25E3A12622F44000BC7B5E /* Api_Task */ = {
			isa = PBXGroup;
			children = (
				BB25E3A22622F44000BC7B5E /* AppDelegate.swift */,
				BB25E3A42622F44000BC7B5E /* SceneDelegate.swift */,
				BB25E3A62622F44000BC7B5E /* HeadLineVC.swift */,
				BB25E3A82622F44000BC7B5E /* Main.storyboard */,
				BB25E3BA2623046700BC7B5E /* DetailNewsVC.swift */,
				BB25E3B72622F4EA00BC7B5E /* CustomTVC.swift */,
				BB25E3AB2622F44200BC7B5E /* Assets.xcassets */,
				BB25E3AD2622F44200BC7B5E /* LaunchScreen.storyboard */,
				BB25E3B02622F44200BC7B5E /* Info.plist */,
			);
			path = Api_Task;
			sourceTree = "<group>";
		};
/* End PBXGroup section */

/* Begin PBXNativeTarget section */
		BB25E39E2622F44000BC7B5E /* Api_Task */ = {
			isa = PBXNativeTarget;
			buildConfigurationList = BB25E3B32622F44200BC7B5E /* Build configuration list for PBXNativeTarget "Api_Task" */;
			buildPhases = (
				BB25E39B2622F44000BC7B5E /* Sources */,
				BB25E39C2622F44000BC7B5E /* Frameworks */,
				BB25E39D2622F44000BC7B5E /* Resources */,
			);
			buildRules = (
			);
			dependencies = (
			);
			name = Api_Task;
			productName = Api_Task;
			productReference = BB25E39F2622F44000BC7B5E /* Api_Task.app */;
			productType = "com.apple.product-type.application";
		};
/* End PBXNativeTarget section */

/* Begin PBXProject section */
		BB25E3972622F44000BC7B5E /* Project object */ = {
			isa = PBXProject;
			attributes = {
				LastSwiftUpdateCheck = 1240;
				LastUpgradeCheck = 1240;
				TargetAttributes = {
					BB25E39E2622F44000BC7B5E = {
						CreatedOnToolsVersion = 12.4;
					};
				};
			};
			buildConfigurationList = BB25E39A2622F44000BC7B5E /* Build configuration list for PBXProject "Api_Task" */;
			compatibilityVersion = "Xcode 9.3";
			developmentRegion = en;
			hasScannedForEncodings = 0;
			knownRegions = (
				en,
				Base,
			);
			mainGroup = BB25E3962622F44000BC7B5E;
			productRefGroup = BB25E3A02622F44000BC7B5E /* Products */;
			projectDirPath = "";
			projectRoot = "";
			targets = (
				BB25E39E2622F44000BC7B5E /* Api_Task */,
			);
		};
/* End PBXProject section */

/* Begin PBXResourcesBuildPhase section */
		BB25E39D2622F44000BC7B5E /* Resources */ = {
			isa = PBXResourcesBuildPhase;
			buildActionMask = 2147483647;
			files = (
				BB25E3AF2622F44200BC7B5E /* LaunchScreen.storyboard in Resources */,
				BB25E3AC2622F44200BC7B5E /* Assets.xcassets in Resources */,
				BB25E3AA2622F44000BC7B5E /* Main.storyboard in Resources */,
			);
			runOnlyForDeploymentPostprocessing = 0;
		};
/* End PBXResourcesBuildPhase section */

/* Begin PBXSourcesBuildPhase section */
		BB25E39B2622F44000BC7B5E /* Sources */ = {
			isa = PBXSourcesBuildPhase;
			buildActionMask = 2147483647;
			files = (
				BB25E3BB2623046700BC7B5E /* DetailNewsVC.swift in Sources */,
				BB25E3A72622F44000BC7B5E /* HeadLineVC.swift in Sources */,
				BB25E3A32622F44000BC7B5E /* AppDelegate.swift in Sources */,
				BB25E3B82622F4EA00BC7B5E /* CustomTVC.swift in Sources */,
				BB25E3A52622F44000BC7B5E /* SceneDelegate.swift in Sources */,
			);
			runOnlyForDeploymentPostprocessing = 0;
		};
/* End PBXSourcesBuildPhase section */

/* Begin PBXVariantGroup section */
		BB25E3A82622F44000BC7B5E /* Main.storyboard */ = {
			isa = PBXVariantGroup;
			children = (
				BB25E3A92622F44000BC7B5E /* Base */,
			);
			name = Main.storyboard;
			sourceTree = "<group>";
		};
		BB25E3AD2622F44200BC7B5E /* LaunchScreen.storyboard */ = {
			isa = PBXVariantGroup;
			children = (
				BB25E3AE2622F44200BC7B5E /* Base */,
			);
			name = LaunchScreen.storyboard;
			sourceTree = "<group>";
		};
/* End PBXVariantGroup section */

/* Begin XCBuildConfiguration section */
		BB25E3B12622F44200BC7B5E /* Debug */ = {
			isa = XCBuildConfiguration;
			buildSettings = {
				ALWAYS_SEARCH_USER_PATHS = NO;
				CLANG_ANALYZER_NONNULL = YES;
				CLANG_ANALYZER_NUMBER_OBJECT_CONVERSION = YES_AGGRESSIVE;
				CLANG_CXX_LANGUAGE_STANDARD = "gnu++14";
				CLANG_CXX_LIBRARY = "libc++";
				CLANG_ENABLE_MODULES = YES;
				CLANG_ENABLE_OBJC_ARC = YES;
				CLANG_ENABLE_OBJC_WEAK = YES;
				CLANG_WARN_BLOCK_CAPTURE_AUTORELEASING = YES;
				CLANG_WARN_BOOL_CONVERSION = YES;
				CLANG_WARN_COMMA = YES;
				CLANG_WARN_CONSTANT_CONVERSION = YES;
				CLANG_WARN_DEPRECATED_OBJC_IMPLEMENTATIONS = YES;
				CLANG_WARN_DIRECT_OBJC_ISA_USAGE = YES_ERROR;
				CLANG_WARN_DOCUMENTATION_COMMENTS = YES;
				CLANG_WARN_EMPTY_BODY = YES;
				CLANG_WARN_ENUM_CONVERSION = YES;
				CLANG_WARN_INFINITE_RECURSION = YES;
				CLANG_WARN_INT_CONVERSION = YES;
				CLANG_WARN_NON_LITERAL_NULL_CONVERSION = YES;
				CLANG_WARN_OBJC_IMPLICIT_RETAIN_SELF = YES;
				CLANG_WARN_OBJC_LITERAL_CONVERSION = YES;
				CLANG_WARN_OBJC_ROOT_CLASS = YES_ERROR;
				CLANG_WARN_QUOTED_INCLUDE_IN_FRAMEWORK_HEADER = YES;
				CLANG_WARN_RANGE_LOOP_ANALYSIS = YES;
				CLANG_WARN_STRICT_PROTOTYPES = YES;
				CLANG_WARN_SUSPICIOUS_MOVE = YES;
				CLANG_WARN_UNGUARDED_AVAILABILITY = YES_AGGRESSIVE;
				CLANG_WARN_UNREACHABLE_CODE = YES;
				CLANG_WARN__DUPLICATE_METHOD_MATCH = YES;
				COPY_PHASE_STRIP = NO;
				DEBUG_INFORMATION_FORMAT = dwarf;
				ENABLE_STRICT_OBJC_MSGSEND = YES;
				ENABLE_TESTABILITY = YES;
				GCC_C_LANGUAGE_STANDARD = gnu11;
				GCC_DYNAMIC_NO_PIC = NO;
				GCC_NO_COMMON_BLOCKS = YES;
				GCC_OPTIMIZATION_LEVEL = 0;
				GCC_PREPROCESSOR_DEFINITIONS = (
					"DEBUG=1",
					"$(inherited)",
				);
				GCC_WARN_64_TO_32_BIT_CONVERSION = YES;
				GCC_WARN_ABOUT_RETURN_TYPE = YES_ERROR;
				GCC_WARN_UNDECLARED_SELECTOR = YES;
				GCC_WARN_UNINITIALIZED_AUTOS = YES_AGGRESSIVE;
				GCC_WARN_UNUSED_FUNCTION = YES;
				GCC_WARN_UNUSED_VARIABLE = YES;
				IPHONEOS_DEPLOYMENT_TARGET = 13.0;
				MTL_ENABLE_DEBUG_INFO = INCLUDE_SOURCE;
				MTL_FAST_MATH = YES;
				ONLY_ACTIVE_ARCH = YES;
				SDKROOT = iphoneos;
				SWIFT_ACTIVE_COMPILATION_CONDITIONS = DEBUG;
				SWIFT_OPTIMIZATION_LEVEL = "-Onone";
			};
			name = Debug;
		};
		BB25E3B22622F44200BC7B5E /* Release */ = {
			isa = XCBuildConfiguration;
			buildSettings = {
				ALWAYS_SEARCH_USER_PATHS = NO;
				CLANG_ANALYZER_NONNULL = YES;
				CLANG_ANALYZER_NUMBER_OBJECT_CONVERSION = YES_AGGRESSIVE;
				CLANG_CXX_LANGUAGE_STANDARD = "gnu++14";
				CLANG_CXX_LIBRARY = "libc++";
				CLANG_ENABLE_MODULES = YES;
				CLANG_ENABLE_OBJC_ARC = YES;
				CLANG_ENABLE_OBJC_WEAK = YES;
				CLANG_WARN_BLOCK_CAPTURE_AUTORELEASING = YES;
				CLANG_WARN_BOOL_CONVERSION = YES;
				CLANG_WARN_COMMA = YES;
				CLANG_WARN_CONSTANT_CONVERSION = YES;
				CLANG_WARN_DEPRECATED_OBJC_IMPLEMENTATIONS = YES;
				CLANG_WARN_DIRECT_OBJC_ISA_USAGE = YES_ERROR;
				CLANG_WARN_DOCUMENTATION_COMMENTS = YES;
				CLANG_WARN_EMPTY_BODY = YES;
				CLANG_WARN_ENUM_CONVERSION = YES;
				CLANG_WARN_INFINITE_RECURSION = YES;
				CLANG_WARN_INT_CONVERSION = YES;
				CLANG_WARN_NON_LITERAL_NULL_CONVERSION = YES;
				CLANG_WARN_OBJC_IMPLICIT_RETAIN_SELF = YES;
				CLANG_WARN_OBJC_LITERAL_CONVERSION = YES;
				CLANG_WARN_OBJC_ROOT_CLASS = YES_ERROR;
				CLANG_WARN_QUOTED_INCLUDE_IN_FRAMEWORK_HEADER = YES;
				CLANG_WARN_RANGE_LOOP_ANALYSIS = YES;
				CLANG_WARN_STRICT_PROTOTYPES = YES;
				CLANG_WARN_SUSPICIOUS_MOVE = YES;
				CLANG_WARN_UNGUARDED_AVAILABILITY = YES_AGGRESSIVE;
				CLANG_WARN_UNREACHABLE_CODE = YES;
				CLANG_WARN__DUPLICATE_METHOD_MATCH = YES;
				COPY_PHASE_STRIP = NO;
				DEBUG_INFORMATION_FORMAT = "dwarf-with-dsym";
				ENABLE_NS_ASSERTIONS = NO;
				ENABLE_STRICT_OBJC_MSGSEND = YES;
				GCC_C_LANGUAGE_STANDARD = gnu11;
				GCC_NO_COMMON_BLOCKS = YES;
				GCC_WARN_64_TO_32_BIT_CONVERSION = YES;
				GCC_WARN_ABOUT_RETURN_TYPE = YES_ERROR;
				GCC_WARN_UNDECLARED_SELECTOR = YES;
				GCC_WARN_UNINITIALIZED_AUTOS = YES_AGGRESSIVE;
				GCC_WARN_UNUSED_FUNCTION = YES;
				GCC_WARN_UNUSED_VARIABLE = YES;
				IPHONEOS_DEPLOYMENT_TARGET = 13.0;
				MTL_ENABLE_DEBUG_INFO = NO;
				MTL_FAST_MATH = YES;
				SDKROOT = iphoneos;
				SWIFT_COMPILATION_MODE = wholemodule;
				SWIFT_OPTIMIZATION_LEVEL = "-O";
				VALIDATE_PRODUCT = YES;
			};
			name = Release;
		};
		BB25E3B42622F44200BC7B5E /* Debug */ = {
			isa = XCBuildConfiguration;
			buildSettings = {
				ASSETCATALOG_COMPILER_APPICON_NAME = AppIcon;
				ASSETCATALOG_COMPILER_GLOBAL_ACCENT_COLOR_NAME = AccentColor;
				CODE_SIGN_STYLE = Automatic;
				INFOPLIST_FILE = Api_Task/Info.plist;
				IPHONEOS_DEPLOYMENT_TARGET = 13.0;
				LD_RUNPATH_SEARCH_PATHS = (
					"$(inherited)",
					"@executable_path/Frameworks",
				);
				PRODUCT_BUNDLE_IDENTIFIER = "com.Farhana.Api-Task";
				PRODUCT_NAME = "$(TARGET_NAME)";
				SWIFT_VERSION = 5.0;
				TARGETED_DEVICE_FAMILY = "1,2";
			};
			name = Debug;
		};
		BB25E3B52622F44200BC7B5E /* Release */ = {
			isa = XCBuildConfiguration;
			buildSettings = {
				ASSETCATALOG_COMPILER_APPICON_NAME = AppIcon;
				ASSETCATALOG_COMPILER_GLOBAL_ACCENT_COLOR_NAME = AccentColor;
				CODE_SIGN_STYLE = Automatic;
				INFOPLIST_FILE = Api_Task/Info.plist;
				IPHONEOS_DEPLOYMENT_TARGET = 13.0;
				LD_RUNPATH_SEARCH_PATHS = (
					"$(inherited)",
					"@executable_path/Frameworks",
				);
				PRODUCT_BUNDLE_IDENTIFIER = "com.Farhana.Api-Task";
				PRODUCT_NAME = "$(TARGET_NAME)";
				SWIFT_VERSION = 5.0;
				TARGETED_DEVICE_FAMILY = "1,2";
			};
			name = Release;
		};
/* End XCBuildConfiguration section */

/* Begin XCConfigurationList section */
		BB25E39A2622F44000BC7B5E /* Build configuration list for PBXProject "Api_Task" */ = {
			isa = XCConfigurationList;
			buildConfigurations = (
				BB25E3B12622F44200BC7B5E /* Debug */,
				BB25E3B22622F44200BC7B5E /* Release */,
			);
			defaultConfigurationIsVisible = 0;
			defaultConfigurationName = Release;
		};
		BB25E3B32622F44200BC7B5E /* Build configuration list for PBXNativeTarget "Api_Task" */ = {
			isa = XCConfigurationList;
			buildConfigurations = (
				BB25E3B42622F44200BC7B5E /* Debug */,
				BB25E3B52622F44200BC7B5E /* Release */,
			);
			defaultConfigurationIsVisible = 0;
			defaultConfigurationName = Release;
		};
/* End XCConfigurationList section */
	};
	rootObject = BB25E3972622F44000BC7B5E /* Project object */;
}
